
Microsoft Visual Studio Solution File, Format Version 12.00
# Visual Studio Version 16
VisualStudioVersion = 16.0.30804.86
MinimumVisualStudioVersion = 10.0.40219.1
Project("{FAE04EC0-301F-11D3-BF4B-00C04F79EFBC}") = "Visualization", "Visualization.csproj", "{8B361EF9-6E78-4B03-AD6D-6D42AB66B562}"
EndProject
Global
	GlobalSection(SolutionConfigurationPlatforms) = preSolution
		Debug|Any CPU = Debug|Any CPU
		Release|Any CPU = Release|Any CPU
	EndGlobalSection
	GlobalSection(ProjectConfigurationPlatforms) = postSolution
		{8B361EF9-6E78-4B03-AD6D-6D42AB66B562}.Debug|Any CPU.ActiveCfg = Debug|Any CPU
		{8B361EF9-6E78-4B03-AD6D-6D42AB66B562}.Debug|Any CPU.Build.0 = Debug|Any CPU
		{8B361EF9-6E78-4B03-AD6D-6D42AB66B562}.Release|Any CPU.ActiveCfg = Release|Any CPU
		{8B361EF9-6E78-4B03-AD6D-6D42AB66B562}.Release|Any CPU.Build.0 = Release|Any CPU
	EndGlobalSection
	GlobalSection(SolutionProperties) = preSolution
		HideSolutionNode = FALSE
	EndGlobalSection
	GlobalSection(ExtensibilityGlobals) = postSolution
		SolutionGuid = {55FED547-9C8B-4B01-A238-A69B0196DA35}
	EndGlobalSection
EndGlobal
